<?xml version="1.0" encoding="utf-8"?>
<Project ToolsVersion="4.0" xmlns="http://schemas.microsoft.com/developer/msbuild/2003">
  <ItemGroup>
    <Filter Include="Source Files">
      <UniqueIdentifier>{4FC737F1-C7A5-4376-A066-2A32D752A2FF}</UniqueIdentifier>
      <Extensions>cpp;c;cc;cxx;def;odl;idl;hpj;bat;asm;asmx</Extensions>
    </Filter>
    <Filter Include="Header Files">
      <UniqueIdentifier>{93995380-89BD-4b04-88EB-625FBE52EBFB}</UniqueIdentifier>
      <Extensions>h;hh;hpp;hxx;hm;inl;inc;xsd</Extensions>
    </Filter>
    <Filter Include="Source Files\Tests">
      <UniqueIdentifier>{6fb8e150-ce33-4afb-ab7d-3f913f01a72e}</UniqueIdentifier>
    </Filter>
    <Filter Include="Source Files\Main">
      <UniqueIdentifier>{06fd399d-1297-4636-a0c6-3d21c5eeb13f}</UniqueIdentifier>
    </Filter>
    <Filter Include="Header Files\Main">
      <UniqueIdentifier>{304646fe-8252-4de7-b721-4d06e0c05391}</UniqueIdentifier>
    </Filter>
    <Filter Include="Source Files\Preprocessor">
      <UniqueIdentifier>{55430fcb-f0cf-4bde-91bd-feaaf0f590f4}</UniqueIdentifier>
    </Filter>
    <Filter Include="Header Files\Preprocessor">
      <UniqueIdentifier>{1ad5f257-6a85-4000-9072-08addb8f2eae}</UniqueIdentifier>
    </Filter>
  </ItemGroup>
  <ItemGroup>
    <Text Include="ReadMe.txt" />
  </ItemGroup>
  <ItemGroup>
    <ClCompile Include="tests\Test_Value.cpp">
      <Filter>Source Files\Tests</Filter>
    </ClCompile>
    <ClCompile Include="tests\Test_Main.cpp">
      <Filter>Source Files\Tests</Filter>
    </ClCompile>
    <ClCompile Include="tests\Test_Tokenizer.cpp">
      <Filter>Source Files\Tests</Filter>
    </ClCompile>
    <ClCompile Include="tests\Test_Operator.cpp">
      <Filter>Source Files\Tests</Filter>
    </ClCompile>
    <ClCompile Include="tests\Test_Preprocessor.cpp">
      <Filter>Source Files\Tests</Filter>
    </ClCompile>
    <ClCompile Include="tests\Test_Expression.cpp">
      <Filter>Source Files\Tests</Filter>
    </ClCompile>
    <ClCompile Include="main\asm2asm.cpp">
      <Filter>Source Files\Main</Filter>
    </ClCompile>
  </ItemGroup>
  <ItemGroup>
    <ClInclude Include="main\targetver.h">
      <Filter>Header Files\Main</Filter>
    </ClInclude>
    <ClInclude Include="main\FileReader.h">
      <Filter>Header Files\Main</Filter>
    </ClInclude>
    <ClInclude Include="prepro\Preprocessor.h">
      <Filter>Header Files\Preprocessor</Filter>
    </ClInclude>
    <ClInclude Include="stdafx.h">
      <Filter>Header Files</Filter>
    </ClInclude>
    <ClInclude Include="prepro\Operator.h">
      <Filter>Header Files\Preprocessor</Filter>
    </ClInclude>
    <ClInclude Include="prepro\Value.h">
      <Filter>Header Files\Preprocessor</Filter>
    </ClInclude>
    <ClInclude Include="prepro\Expression.h">
      <Filter>Header Files\Preprocessor</Filter>
    </ClInclude>
    <ClInclude Include="prepro\Tokenizer.h">
      <Filter>Header Files\Preprocessor</Filter>
    </ClInclude>
    <ClInclude Include="main\FileWriter.h">
      <Filter>Header Files\Main</Filter>
    </ClInclude>
    <ClInclude Include="prepro\Macro.h">
      <Filter>Header Files\Preprocessor</Filter>
    </ClInclude>
    <ClInclude Include="main\File.h">
      <Filter>Header Files\Main</Filter>
    </ClInclude>
  </ItemGroup>
</Project>