
Microsoft Visual Studio Solution File, Format Version 12.00
# Visual Studio 14
VisualStudioVersion = 14.0.25420.1
MinimumVisualStudioVersion = 10.0.40219.1
Project("{8BC9CEB8-8B4A-11D0-8D11-00A0C91BC942}") = "asm2asm", "asm2asm.vcxproj", "{0A62A8DB-5B04-46D3-AF34-C95BCB30612A}"
EndProject
Global
	GlobalSection(SolutionConfigurationPlatforms) = preSolution
		Debug_Test|x64 = Debug_Test|x64
		Debug|x64 = Debug|x64
		Release|x64 = Release|x64
	EndGlobalSection
	GlobalSection(ProjectConfigurationPlatforms) = postSolution
		{0A62A8DB-5B04-46D3-AF34-C95BCB30612A}.Debug_Test|x64.ActiveCfg = Debug_Test|x64
		{0A62A8DB-5B04-46D3-AF34-C95BCB30612A}.Debug_Test|x64.Build.0 = Debug_Test|x64
		{0A62A8DB-5B04-46D3-AF34-C95BCB30612A}.Debug|x64.ActiveCfg = Debug|x64
		{0A62A8DB-5B04-46D3-AF34-C95BCB30612A}.Debug|x64.Build.0 = Debug|x64
		{0A62A8DB-5B04-46D3-AF34-C95BCB30612A}.Release|x64.ActiveCfg = Release|x64
		{0A62A8DB-5B04-46D3-AF34-C95BCB30612A}.Release|x64.Build.0 = Release|x64
	EndGlobalSection
	GlobalSection(SolutionProperties) = preSolution
		HideSolutionNode = FALSE
	EndGlobalSection
EndGlobal
